
Microsoft Visual Studio Solution File, Format Version 12.00
# Visual Studio Version 16
VisualStudioVersion = 16.0.810.21
MinimumVisualStudioVersion = 10.0.40219.1
Project("{FAE04EC0-301F-11D3-BF4B-00C04F79EFBC}") = "WarriorOfTheSong", "WarriorOfTheSong\WarriorOfTheSong.csproj", "{D986CE2D-99AB-46D2-A3E8-672B302638CD}"
EndProject
Global
	GlobalSection(SolutionConfigurationPlatforms) = preSolution
		Debug|Any CPU = Debug|Any CPU
		Release|Any CPU = Release|Any CPU
	EndGlobalSection
	GlobalSection(ProjectConfigurationPlatforms) = postSolution
		{D986CE2D-99AB-46D2-A3E8-672B302638CD}.Debug|Any CPU.ActiveCfg = Debug|Any CPU
		{D986CE2D-99AB-46D2-A3E8-672B302638CD}.Debug|Any CPU.Build.0 = Debug|Any CPU
		{D986CE2D-99AB-46D2-A3E8-672B302638CD}.Release|Any CPU.ActiveCfg = Release|Any CPU
		{D986CE2D-99AB-46D2-A3E8-672B302638CD}.Release|Any CPU.Build.0 = Release|Any CPU
	EndGlobalSection
	GlobalSection(SolutionProperties) = preSolution
		HideSolutionNode = FALSE
	EndGlobalSection
	GlobalSection(ExtensibilityGlobals) = postSolution
		SolutionGuid = {17FB9C33-5914-4151-839C-A96E181DB430}
	EndGlobalSection
EndGlobal
